
Microsoft Visual Studio Solution File, Format Version 12.00
# Visual Studio Version 17
VisualStudioVersion = 17.2.32526.322
MinimumVisualStudioVersion = 10.0.40219.1
Project("{9A19103F-16F7-4668-BE54-9A1E7A4F7556}") = "blog", "blog.csproj", "{15A2BE52-2EB5-447D-AFCA-C2EB32F98747}"
EndProject
Project("{FAE04EC0-301F-11D3-BF4B-00C04F79EFBC}") = "blog.tests", "..\blog.tests\blog.tests.csproj", "{6E3A7BF1-19BD-4EE0-8CE8-F6D977B19E83}"
EndProject
Global
	GlobalSection(SolutionConfigurationPlatforms) = preSolution
		Debug|Any CPU = Debug|Any CPU
		Release|Any CPU = Release|Any CPU
	EndGlobalSection
	GlobalSection(ProjectConfigurationPlatforms) = postSolution
		{15A2BE52-2EB5-447D-AFCA-C2EB32F98747}.Debug|Any CPU.ActiveCfg = Debug|Any CPU
		{15A2BE52-2EB5-447D-AFCA-C2EB32F98747}.Debug|Any CPU.Build.0 = Debug|Any CPU
		{15A2BE52-2EB5-447D-AFCA-C2EB32F98747}.Release|Any CPU.ActiveCfg = Release|Any CPU
		{15A2BE52-2EB5-447D-AFCA-C2EB32F98747}.Release|Any CPU.Build.0 = Release|Any CPU
		{6E3A7BF1-19BD-4EE0-8CE8-F6D977B19E83}.Debug|Any CPU.ActiveCfg = Debug|Any CPU
		{6E3A7BF1-19BD-4EE0-8CE8-F6D977B19E83}.Debug|Any CPU.Build.0 = Debug|Any CPU
		{6E3A7BF1-19BD-4EE0-8CE8-F6D977B19E83}.Release|Any CPU.ActiveCfg = Release|Any CPU
		{6E3A7BF1-19BD-4EE0-8CE8-F6D977B19E83}.Release|Any CPU.Build.0 = Release|Any CPU
	EndGlobalSection
	GlobalSection(SolutionProperties) = preSolution
		HideSolutionNode = FALSE
	EndGlobalSection
	GlobalSection(ExtensibilityGlobals) = postSolution
		SolutionGuid = {67295518-31D8-4A65-98E7-77BA17358DB6}
	EndGlobalSection
EndGlobal
